
Microsoft Visual Studio Solution File, Format Version 12.00
# Visual Studio 2015
Project("{FAE04EC0-301F-11D3-BF4B-00C04F79EFBC}") = "Elementile.CSharp.Plugins", "Elementile.CSharp.Plugins.csproj", "{D283AA46-F7CD-C230-D157-9E7B94434233}"
EndProject
Project("{FAE04EC0-301F-11D3-BF4B-00C04F79EFBC}") = "Elementile.CSharp", "Elementile.CSharp.csproj", "{1651B998-FFA5-3EF3-D879-D3EDF6BB8DAF}"
EndProject
Project("{FAE04EC0-301F-11D3-BF4B-00C04F79EFBC}") = "Elementile.CSharp.Editor", "Elementile.CSharp.Editor.csproj", "{3F1BAA91-5D59-B313-8720-BA5FE55D2B05}"
EndProject
Global
	GlobalSection(SolutionConfigurationPlatforms) = preSolution
		Debug|Any CPU = Debug|Any CPU
		Release|Any CPU = Release|Any CPU
	EndGlobalSection
	GlobalSection(ProjectConfigurationPlatforms) = postSolution
		{D283AA46-F7CD-C230-D157-9E7B94434233}.Debug|Any CPU.ActiveCfg = Debug|Any CPU
		{D283AA46-F7CD-C230-D157-9E7B94434233}.Debug|Any CPU.Build.0 = Debug|Any CPU
		{D283AA46-F7CD-C230-D157-9E7B94434233}.Release|Any CPU.ActiveCfg = Release|Any CPU
		{D283AA46-F7CD-C230-D157-9E7B94434233}.Release|Any CPU.Build.0 = Release|Any CPU
		{1651B998-FFA5-3EF3-D879-D3EDF6BB8DAF}.Debug|Any CPU.ActiveCfg = Debug|Any CPU
		{1651B998-FFA5-3EF3-D879-D3EDF6BB8DAF}.Debug|Any CPU.Build.0 = Debug|Any CPU
		{1651B998-FFA5-3EF3-D879-D3EDF6BB8DAF}.Release|Any CPU.ActiveCfg = Release|Any CPU
		{1651B998-FFA5-3EF3-D879-D3EDF6BB8DAF}.Release|Any CPU.Build.0 = Release|Any CPU
		{3F1BAA91-5D59-B313-8720-BA5FE55D2B05}.Debug|Any CPU.ActiveCfg = Debug|Any CPU
		{3F1BAA91-5D59-B313-8720-BA5FE55D2B05}.Debug|Any CPU.Build.0 = Debug|Any CPU
		{3F1BAA91-5D59-B313-8720-BA5FE55D2B05}.Release|Any CPU.ActiveCfg = Release|Any CPU
		{3F1BAA91-5D59-B313-8720-BA5FE55D2B05}.Release|Any CPU.Build.0 = Release|Any CPU
	EndGlobalSection
	GlobalSection(SolutionProperties) = preSolution
		HideSolutionNode = FALSE
	EndGlobalSection
EndGlobal
